
Microsoft Visual Studio Solution File, Format Version 12.00
# Visual Studio Version 17
VisualStudioVersion = 17.4.33205.214
MinimumVisualStudioVersion = 10.0.40219.1
Project("{6EC3EE1D-3C4E-46DD-8F32-0CC8E7565705}") = "AdventOfCode_2015", "AdventOfCode_2015\AdventOfCode_2015.fsproj", "{C30A498A-5AB8-445D-8F98-8BCAFC44519C}"
EndProject
Project("{6EC3EE1D-3C4E-46DD-8F32-0CC8E7565705}") = "AdventOfCode_2017", "AdventOfCode_2017\AdventOfCode_2017.fsproj", "{856C2212-6A22-4F33-808B-D51DCF41CE13}"
EndProject
Project("{6EC3EE1D-3C4E-46DD-8F32-0CC8E7565705}") = "AdventOfCode_2018", "AdventOfCode_2018_FSharp\AdventOfCode_2018.fsproj", "{B1B588FE-EA63-4AB9-BB81-251D252DF3AA}"
EndProject
Project("{6EC3EE1D-3C4E-46DD-8F32-0CC8E7565705}") = "AdventOfCode_2019", "AdventOfCode_2019\AdventOfCode_2019.fsproj", "{CE7219C4-6740-42B1-81B7-24F19CC613C6}"
EndProject
Project("{6EC3EE1D-3C4E-46DD-8F32-0CC8E7565705}") = "AdventOfCode_2021", "AdventOfCode_2021\AdventOfCode_2021.fsproj", "{68F03730-D743-4973-A2C6-09EB8AF15B8A}"
EndProject
Project("{6EC3EE1D-3C4E-46DD-8F32-0CC8E7565705}") = "AdventOfCode_2022", "AdventOfCode_2022\AdventOfCode_2022.fsproj", "{B04FAB4B-552C-4A62-ACCF-71F71FE0BE4E}"
EndProject
Project("{6EC3EE1D-3C4E-46DD-8F32-0CC8E7565705}") = "AdventOfCode_BASE", "AdventOfCode_Base\AdventOfCode_BASE.fsproj", "{C1D8F0FB-60E6-4934-96FE-248BE9E6F1AA}"
EndProject
Project("{6EC3EE1D-3C4E-46DD-8F32-0CC8E7565705}") = "AoC_Debugger", "AoC_Debugger\AoC_Debugger.fsproj", "{8FA793B8-B3C0-4203-AFE3-33E34A98CF2F}"
EndProject
Project("{2150E333-8FDC-42A3-9474-1A3956D46DE8}") = "Solution Items", "Solution Items", "{517C8A78-B331-4F46-BCAF-DA20909CE7D5}"
	ProjectSection(SolutionItems) = preProject
		.gitignore = .gitignore
		README.md = README.md
	EndProjectSection
EndProject
Project("{E24C65DC-7377-472B-9ABA-BC803B73C61A}") = "AdventOfCode_2015_Go", "AdventOfCode_2015_Go\", "{0E2678BB-668F-4787-8B0B-BEAB9695D9CC}"
	ProjectSection(WebsiteProperties) = preProject
		TargetFrameworkMoniker = ".NETFramework,Version%3Dv4.8"
		Debug.AspNetCompiler.VirtualPath = "/localhost_49704"
		Debug.AspNetCompiler.PhysicalPath = "AdventOfCode_2015_Go\"
		Debug.AspNetCompiler.TargetPath = "PrecompiledWeb\localhost_49704\"
		Debug.AspNetCompiler.Updateable = "true"
		Debug.AspNetCompiler.ForceOverwrite = "true"
		Debug.AspNetCompiler.FixedNames = "false"
		Debug.AspNetCompiler.Debug = "True"
		Release.AspNetCompiler.VirtualPath = "/localhost_49704"
		Release.AspNetCompiler.PhysicalPath = "AdventOfCode_2015_Go\"
		Release.AspNetCompiler.TargetPath = "PrecompiledWeb\localhost_49704\"
		Release.AspNetCompiler.Updateable = "true"
		Release.AspNetCompiler.ForceOverwrite = "true"
		Release.AspNetCompiler.FixedNames = "false"
		Release.AspNetCompiler.Debug = "False"
		VWDPort = "49704"
		SlnRelativePath = "AdventOfCode_2015_Go\"
	EndProjectSection
EndProject
Project("{E24C65DC-7377-472B-9ABA-BC803B73C61A}") = "AdventOfCode_2018_TypeScript", "AdventOfCode_2018_TypeScript\", "{65C690BB-293F-4B0E-9B4E-7B3416C7F9E0}"
	ProjectSection(WebsiteProperties) = preProject
		TargetFrameworkMoniker = ".NETFramework,Version%3Dv4.8"
		Debug.AspNetCompiler.VirtualPath = "/localhost_49727"
		Debug.AspNetCompiler.PhysicalPath = "AdventOfCode_2018_TypeScript\"
		Debug.AspNetCompiler.TargetPath = "PrecompiledWeb\localhost_49727\"
		Debug.AspNetCompiler.Updateable = "true"
		Debug.AspNetCompiler.ForceOverwrite = "true"
		Debug.AspNetCompiler.FixedNames = "false"
		Debug.AspNetCompiler.Debug = "True"
		Release.AspNetCompiler.VirtualPath = "/localhost_49727"
		Release.AspNetCompiler.PhysicalPath = "AdventOfCode_2018_TypeScript\"
		Release.AspNetCompiler.TargetPath = "PrecompiledWeb\localhost_49727\"
		Release.AspNetCompiler.Updateable = "true"
		Release.AspNetCompiler.ForceOverwrite = "true"
		Release.AspNetCompiler.FixedNames = "false"
		Release.AspNetCompiler.Debug = "False"
		VWDPort = "49727"
		SlnRelativePath = "AdventOfCode_2018_TypeScript\"
	EndProjectSection
EndProject
Global
	GlobalSection(SolutionConfigurationPlatforms) = preSolution
		Debug|Any CPU = Debug|Any CPU
		Release|Any CPU = Release|Any CPU
	EndGlobalSection
	GlobalSection(ProjectConfigurationPlatforms) = postSolution
		{C30A498A-5AB8-445D-8F98-8BCAFC44519C}.Debug|Any CPU.ActiveCfg = Debug|Any CPU
		{C30A498A-5AB8-445D-8F98-8BCAFC44519C}.Debug|Any CPU.Build.0 = Debug|Any CPU
		{C30A498A-5AB8-445D-8F98-8BCAFC44519C}.Release|Any CPU.ActiveCfg = Release|Any CPU
		{C30A498A-5AB8-445D-8F98-8BCAFC44519C}.Release|Any CPU.Build.0 = Release|Any CPU
		{856C2212-6A22-4F33-808B-D51DCF41CE13}.Debug|Any CPU.ActiveCfg = Debug|Any CPU
		{856C2212-6A22-4F33-808B-D51DCF41CE13}.Debug|Any CPU.Build.0 = Debug|Any CPU
		{856C2212-6A22-4F33-808B-D51DCF41CE13}.Release|Any CPU.ActiveCfg = Release|Any CPU
		{856C2212-6A22-4F33-808B-D51DCF41CE13}.Release|Any CPU.Build.0 = Release|Any CPU
		{B1B588FE-EA63-4AB9-BB81-251D252DF3AA}.Debug|Any CPU.ActiveCfg = Debug|Any CPU
		{B1B588FE-EA63-4AB9-BB81-251D252DF3AA}.Debug|Any CPU.Build.0 = Debug|Any CPU
		{B1B588FE-EA63-4AB9-BB81-251D252DF3AA}.Release|Any CPU.ActiveCfg = Release|Any CPU
		{B1B588FE-EA63-4AB9-BB81-251D252DF3AA}.Release|Any CPU.Build.0 = Release|Any CPU
		{CE7219C4-6740-42B1-81B7-24F19CC613C6}.Debug|Any CPU.ActiveCfg = Debug|Any CPU
		{CE7219C4-6740-42B1-81B7-24F19CC613C6}.Debug|Any CPU.Build.0 = Debug|Any CPU
		{CE7219C4-6740-42B1-81B7-24F19CC613C6}.Release|Any CPU.ActiveCfg = Release|Any CPU
		{CE7219C4-6740-42B1-81B7-24F19CC613C6}.Release|Any CPU.Build.0 = Release|Any CPU
		{68F03730-D743-4973-A2C6-09EB8AF15B8A}.Debug|Any CPU.ActiveCfg = Debug|Any CPU
		{68F03730-D743-4973-A2C6-09EB8AF15B8A}.Debug|Any CPU.Build.0 = Debug|Any CPU
		{68F03730-D743-4973-A2C6-09EB8AF15B8A}.Release|Any CPU.ActiveCfg = Release|Any CPU
		{68F03730-D743-4973-A2C6-09EB8AF15B8A}.Release|Any CPU.Build.0 = Release|Any CPU
		{B04FAB4B-552C-4A62-ACCF-71F71FE0BE4E}.Debug|Any CPU.ActiveCfg = Debug|Any CPU
		{B04FAB4B-552C-4A62-ACCF-71F71FE0BE4E}.Debug|Any CPU.Build.0 = Debug|Any CPU
		{B04FAB4B-552C-4A62-ACCF-71F71FE0BE4E}.Release|Any CPU.ActiveCfg = Release|Any CPU
		{B04FAB4B-552C-4A62-ACCF-71F71FE0BE4E}.Release|Any CPU.Build.0 = Release|Any CPU
		{C1D8F0FB-60E6-4934-96FE-248BE9E6F1AA}.Debug|Any CPU.ActiveCfg = Debug|Any CPU
		{C1D8F0FB-60E6-4934-96FE-248BE9E6F1AA}.Debug|Any CPU.Build.0 = Debug|Any CPU
		{C1D8F0FB-60E6-4934-96FE-248BE9E6F1AA}.Release|Any CPU.ActiveCfg = Release|Any CPU
		{C1D8F0FB-60E6-4934-96FE-248BE9E6F1AA}.Release|Any CPU.Build.0 = Release|Any CPU
		{8FA793B8-B3C0-4203-AFE3-33E34A98CF2F}.Debug|Any CPU.ActiveCfg = Debug|Any CPU
		{8FA793B8-B3C0-4203-AFE3-33E34A98CF2F}.Debug|Any CPU.Build.0 = Debug|Any CPU
		{8FA793B8-B3C0-4203-AFE3-33E34A98CF2F}.Release|Any CPU.ActiveCfg = Release|Any CPU
		{8FA793B8-B3C0-4203-AFE3-33E34A98CF2F}.Release|Any CPU.Build.0 = Release|Any CPU
		{0E2678BB-668F-4787-8B0B-BEAB9695D9CC}.Debug|Any CPU.ActiveCfg = Debug|Any CPU
		{0E2678BB-668F-4787-8B0B-BEAB9695D9CC}.Debug|Any CPU.Build.0 = Debug|Any CPU
		{0E2678BB-668F-4787-8B0B-BEAB9695D9CC}.Release|Any CPU.ActiveCfg = Debug|Any CPU
		{0E2678BB-668F-4787-8B0B-BEAB9695D9CC}.Release|Any CPU.Build.0 = Debug|Any CPU
		{65C690BB-293F-4B0E-9B4E-7B3416C7F9E0}.Debug|Any CPU.ActiveCfg = Debug|Any CPU
		{65C690BB-293F-4B0E-9B4E-7B3416C7F9E0}.Debug|Any CPU.Build.0 = Debug|Any CPU
		{65C690BB-293F-4B0E-9B4E-7B3416C7F9E0}.Release|Any CPU.ActiveCfg = Debug|Any CPU
		{65C690BB-293F-4B0E-9B4E-7B3416C7F9E0}.Release|Any CPU.Build.0 = Debug|Any CPU
	EndGlobalSection
	GlobalSection(SolutionProperties) = preSolution
		HideSolutionNode = FALSE
	EndGlobalSection
	GlobalSection(ExtensibilityGlobals) = postSolution
		SolutionGuid = {0D48062A-0115-4FC0-B27C-399A6C1E9999}
	EndGlobalSection
EndGlobal
